
Microsoft Visual Studio Solution File, Format Version 12.00
# Visual Studio Version 17
VisualStudioVersion = 17.7.34009.444
MinimumVisualStudioVersion = 10.0.40219.1
Project("{9A19103F-16F7-4668-BE54-9A1E7A4F7556}") = "AcbaProject", "AcbaProject\AcbaProject.csproj", "{70098FE0-8992-4456-BCDE-37E6B6857403}"
EndProject
Global
	GlobalSection(SolutionConfigurationPlatforms) = preSolution
		Debug|Any CPU = Debug|Any CPU
		Release|Any CPU = Release|Any CPU
	EndGlobalSection
	GlobalSection(ProjectConfigurationPlatforms) = postSolution
		{70098FE0-8992-4456-BCDE-37E6B6857403}.Debug|Any CPU.ActiveCfg = Debug|Any CPU
		{70098FE0-8992-4456-BCDE-37E6B6857403}.Debug|Any CPU.Build.0 = Debug|Any CPU
		{70098FE0-8992-4456-BCDE-37E6B6857403}.Release|Any CPU.ActiveCfg = Release|Any CPU
		{70098FE0-8992-4456-BCDE-37E6B6857403}.Release|Any CPU.Build.0 = Release|Any CPU
	EndGlobalSection
	GlobalSection(SolutionProperties) = preSolution
		HideSolutionNode = FALSE
	EndGlobalSection
	GlobalSection(ExtensibilityGlobals) = postSolution
		SolutionGuid = {DB74DD1F-EA7E-4FB6-81A5-5796239CE950}
	EndGlobalSection
EndGlobal
